
Microsoft Visual Studio Solution File, Format Version 12.00
# Visual Studio 2012
Project("{FAE04EC0-301F-11D3-BF4B-00C04F79EFBC}") = "NYTPhotoViewerBinding", "NYTPhotoViewerBinding\NYTPhotoViewerBinding.csproj", "{0ACBA3D6-AA2F-4910-A52C-DDC2F938CBEC}"
EndProject
Project("{FAE04EC0-301F-11D3-BF4B-00C04F79EFBC}") = "Example", "Example\Example.csproj", "{CD0E1918-A363-422E-A831-9969943411B7}"
EndProject
Global
	GlobalSection(SolutionConfigurationPlatforms) = preSolution
		Debug|Any CPU = Debug|Any CPU
		Release|Any CPU = Release|Any CPU
		Debug|iPhoneSimulator = Debug|iPhoneSimulator
		Release|iPhone = Release|iPhone
		Release|iPhoneSimulator = Release|iPhoneSimulator
		Debug|iPhone = Debug|iPhone
	EndGlobalSection
	GlobalSection(ProjectConfigurationPlatforms) = postSolution
		{0ACBA3D6-AA2F-4910-A52C-DDC2F938CBEC}.Debug|Any CPU.ActiveCfg = Debug|Any CPU
		{0ACBA3D6-AA2F-4910-A52C-DDC2F938CBEC}.Debug|Any CPU.Build.0 = Debug|Any CPU
		{0ACBA3D6-AA2F-4910-A52C-DDC2F938CBEC}.Release|Any CPU.ActiveCfg = Release|Any CPU
		{0ACBA3D6-AA2F-4910-A52C-DDC2F938CBEC}.Release|Any CPU.Build.0 = Release|Any CPU
		{0ACBA3D6-AA2F-4910-A52C-DDC2F938CBEC}.Debug|iPhoneSimulator.ActiveCfg = Debug|Any CPU
		{0ACBA3D6-AA2F-4910-A52C-DDC2F938CBEC}.Debug|iPhoneSimulator.Build.0 = Debug|Any CPU
		{0ACBA3D6-AA2F-4910-A52C-DDC2F938CBEC}.Release|iPhone.ActiveCfg = Release|Any CPU
		{0ACBA3D6-AA2F-4910-A52C-DDC2F938CBEC}.Release|iPhone.Build.0 = Release|Any CPU
		{0ACBA3D6-AA2F-4910-A52C-DDC2F938CBEC}.Release|iPhoneSimulator.ActiveCfg = Release|Any CPU
		{0ACBA3D6-AA2F-4910-A52C-DDC2F938CBEC}.Release|iPhoneSimulator.Build.0 = Release|Any CPU
		{0ACBA3D6-AA2F-4910-A52C-DDC2F938CBEC}.Debug|iPhone.ActiveCfg = Debug|Any CPU
		{0ACBA3D6-AA2F-4910-A52C-DDC2F938CBEC}.Debug|iPhone.Build.0 = Debug|Any CPU
		{CD0E1918-A363-422E-A831-9969943411B7}.Debug|Any CPU.ActiveCfg = Debug|iPhoneSimulator
		{CD0E1918-A363-422E-A831-9969943411B7}.Debug|Any CPU.Build.0 = Debug|iPhoneSimulator
		{CD0E1918-A363-422E-A831-9969943411B7}.Release|Any CPU.ActiveCfg = Release|iPhone
		{CD0E1918-A363-422E-A831-9969943411B7}.Release|Any CPU.Build.0 = Release|iPhone
		{CD0E1918-A363-422E-A831-9969943411B7}.Debug|iPhoneSimulator.ActiveCfg = Debug|iPhoneSimulator
		{CD0E1918-A363-422E-A831-9969943411B7}.Debug|iPhoneSimulator.Build.0 = Debug|iPhoneSimulator
		{CD0E1918-A363-422E-A831-9969943411B7}.Release|iPhone.ActiveCfg = Release|iPhone
		{CD0E1918-A363-422E-A831-9969943411B7}.Release|iPhone.Build.0 = Release|iPhone
		{CD0E1918-A363-422E-A831-9969943411B7}.Release|iPhoneSimulator.ActiveCfg = Release|iPhoneSimulator
		{CD0E1918-A363-422E-A831-9969943411B7}.Release|iPhoneSimulator.Build.0 = Release|iPhoneSimulator
		{CD0E1918-A363-422E-A831-9969943411B7}.Debug|iPhone.ActiveCfg = Debug|iPhone
		{CD0E1918-A363-422E-A831-9969943411B7}.Debug|iPhone.Build.0 = Debug|iPhone
	EndGlobalSection
EndGlobal
